// !$*UTF8*$!
{
	archiveVersion = 1;
	classes = {
	};
	objectVersion = 50;
	objects = {

/* Begin PBXBuildFile section */
		4EA928BB2389A23400E76F5A /* AppDelegate.swift in Sources */ = {isa = PBXBuildFile; fileRef = 4EA928BA2389A23400E76F5A /* AppDelegate.swift */; };
		4EA928BD2389A23400E76F5A /* SceneDelegate.swift in Sources */ = {isa = PBXBuildFile; fileRef = 4EA928BC2389A23400E76F5A /* SceneDelegate.swift */; };
		4EA928C42389A23700E76F5A /* Assets.xcassets in Resources */ = {isa = PBXBuildFile; fileRef = 4EA928C32389A23700E76F5A /* Assets.xcassets */; };
		4EA928C72389A23700E76F5A /* LaunchScreen.storyboard in Resources */ = {isa = PBXBuildFile; fileRef = 4EA928C52389A23700E76F5A /* LaunchScreen.storyboard */; };
		4EA928D22389A23800E76F5A /* MercadoLivreTests.swift in Sources */ = {isa = PBXBuildFile; fileRef = 4EA928D12389A23800E76F5A /* MercadoLivreTests.swift */; };
		4EA928DD2389A23800E76F5A /* MercadoLivreUITests.swift in Sources */ = {isa = PBXBuildFile; fileRef = 4EA928DC2389A23800E76F5A /* MercadoLivreUITests.swift */; };
		4EA928F22389BD4300E76F5A /* MainViewController.swift in Sources */ = {isa = PBXBuildFile; fileRef = 4EA928F02389BD4300E76F5A /* MainViewController.swift */; };
		4EA928F32389BD4300E76F5A /* MainViewController.xib in Resources */ = {isa = PBXBuildFile; fileRef = 4EA928F12389BD4300E76F5A /* MainViewController.xib */; };
		4EA928F62389BDA300E76F5A /* BaseViewController.swift in Sources */ = {isa = PBXBuildFile; fileRef = 4EA928F52389BDA300E76F5A /* BaseViewController.swift */; };
		4EA928F82389BFBA00E76F5A /* Colors.swift in Sources */ = {isa = PBXBuildFile; fileRef = 4EA928F72389BFBA00E76F5A /* Colors.swift */; };
		4EA928FB2389C25700E76F5A /* Api.swift in Sources */ = {isa = PBXBuildFile; fileRef = 4EA928FA2389C25700E76F5A /* Api.swift */; };
		4EA928FD2389CAE800E76F5A /* MainInteractor.swift in Sources */ = {isa = PBXBuildFile; fileRef = 4EA928FC2389CAE800E76F5A /* MainInteractor.swift */; };
		4EA929002389CB6C00E76F5A /* MainPresenter.swift in Sources */ = {isa = PBXBuildFile; fileRef = 4EA928FF2389CB6C00E76F5A /* MainPresenter.swift */; };
		4EA929032389CD0F00E76F5A /* MainRepository.swift in Sources */ = {isa = PBXBuildFile; fileRef = 4EA929022389CD0F00E76F5A /* MainRepository.swift */; };
		4EA929052389D01100E76F5A /* MainModels.swift in Sources */ = {isa = PBXBuildFile; fileRef = 4EA929042389D01100E76F5A /* MainModels.swift */; };
		4EA9290E2389E96500E76F5A /* MainRequest.swift in Sources */ = {isa = PBXBuildFile; fileRef = 4EA9290D2389E96500E76F5A /* MainRequest.swift */; };
		4EA9296D238A153700E76F5A /* Results.swift in Sources */ = {isa = PBXBuildFile; fileRef = 4EA9295A238A153500E76F5A /* Results.swift */; };
		4EA9297B238A153700E76F5A /* SearchModel.swift in Sources */ = {isa = PBXBuildFile; fileRef = 4EA92968238A153700E76F5A /* SearchModel.swift */; };
		4EA92982238A2E7400E76F5A /* ProductTableViewCell.swift in Sources */ = {isa = PBXBuildFile; fileRef = 4EA92980238A2E7400E76F5A /* ProductTableViewCell.swift */; };
		4EA92983238A2E7400E76F5A /* ProductTableViewCell.xib in Resources */ = {isa = PBXBuildFile; fileRef = 4EA92981238A2E7400E76F5A /* ProductTableViewCell.xib */; };
/* End PBXBuildFile section */

/* Begin PBXContainerItemProxy section */
		4EA928CE2389A23800E76F5A /* PBXContainerItemProxy */ = {
			isa = PBXContainerItemProxy;
			containerPortal = 4EA928AF2389A23400E76F5A /* Project object */;
			proxyType = 1;
			remoteGlobalIDString = 4EA928B62389A23400E76F5A;
			remoteInfo = MercadoLivre;
		};
		4EA928D92389A23800E76F5A /* PBXContainerItemProxy */ = {
			isa = PBXContainerItemProxy;
			containerPortal = 4EA928AF2389A23400E76F5A /* Project object */;
			proxyType = 1;
			remoteGlobalIDString = 4EA928B62389A23400E76F5A;
			remoteInfo = MercadoLivre;
		};
/* End PBXContainerItemProxy section */

/* Begin PBXFileReference section */
		4EA928B72389A23400E76F5A /* MercadoLivre.app */ = {isa = PBXFileReference; explicitFileType = wrapper.application; includeInIndex = 0; path = MercadoLivre.app; sourceTree = BUILT_PRODUCTS_DIR; };
		4EA928BA2389A23400E76F5A /* AppDelegate.swift */ = {isa = PBXFileReference; lastKnownFileType = sourcecode.swift; path = AppDelegate.swift; sourceTree = "<group>"; };
		4EA928BC2389A23400E76F5A /* SceneDelegate.swift */ = {isa = PBXFileReference; lastKnownFileType = sourcecode.swift; path = SceneDelegate.swift; sourceTree = "<group>"; };
		4EA928C32389A23700E76F5A /* Assets.xcassets */ = {isa = PBXFileReference; lastKnownFileType = folder.assetcatalog; path = Assets.xcassets; sourceTree = "<group>"; };
		4EA928C62389A23700E76F5A /* Base */ = {isa = PBXFileReference; lastKnownFileType = file.storyboard; name = Base; path = Base.lproj/LaunchScreen.storyboard; sourceTree = "<group>"; };
		4EA928C82389A23700E76F5A /* Info.plist */ = {isa = PBXFileReference; lastKnownFileType = text.plist.xml; path = Info.plist; sourceTree = "<group>"; };
		4EA928CD2389A23800E76F5A /* MercadoLivreTests.xctest */ = {isa = PBXFileReference; explicitFileType = wrapper.cfbundle; includeInIndex = 0; path = MercadoLivreTests.xctest; sourceTree = BUILT_PRODUCTS_DIR; };
		4EA928D12389A23800E76F5A /* MercadoLivreTests.swift */ = {isa = PBXFileReference; lastKnownFileType = sourcecode.swift; path = MercadoLivreTests.swift; sourceTree = "<group>"; };
		4EA928D32389A23800E76F5A /* Info.plist */ = {isa = PBXFileReference; lastKnownFileType = text.plist.xml; path = Info.plist; sourceTree = "<group>"; };
		4EA928D82389A23800E76F5A /* MercadoLivreUITests.xctest */ = {isa = PBXFileReference; explicitFileType = wrapper.cfbundle; includeInIndex = 0; path = MercadoLivreUITests.xctest; sourceTree = BUILT_PRODUCTS_DIR; };
		4EA928DC2389A23800E76F5A /* MercadoLivreUITests.swift */ = {isa = PBXFileReference; lastKnownFileType = sourcecode.swift; path = MercadoLivreUITests.swift; sourceTree = "<group>"; };
		4EA928DE2389A23800E76F5A /* Info.plist */ = {isa = PBXFileReference; lastKnownFileType = text.plist.xml; path = Info.plist; sourceTree = "<group>"; };
		4EA928F02389BD4300E76F5A /* MainViewController.swift */ = {isa = PBXFileReference; lastKnownFileType = sourcecode.swift; path = MainViewController.swift; sourceTree = "<group>"; };
		4EA928F12389BD4300E76F5A /* MainViewController.xib */ = {isa = PBXFileReference; lastKnownFileType = file.xib; path = MainViewController.xib; sourceTree = "<group>"; };
		4EA928F52389BDA300E76F5A /* BaseViewController.swift */ = {isa = PBXFileReference; lastKnownFileType = sourcecode.swift; path = BaseViewController.swift; sourceTree = "<group>"; };
		4EA928F72389BFBA00E76F5A /* Colors.swift */ = {isa = PBXFileReference; lastKnownFileType = sourcecode.swift; path = Colors.swift; sourceTree = "<group>"; };
		4EA928FA2389C25700E76F5A /* Api.swift */ = {isa = PBXFileReference; lastKnownFileType = sourcecode.swift; path = Api.swift; sourceTree = "<group>"; };
		4EA928FC2389CAE800E76F5A /* MainInteractor.swift */ = {isa = PBXFileReference; lastKnownFileType = sourcecode.swift; path = MainInteractor.swift; sourceTree = "<group>"; };
		4EA928FF2389CB6C00E76F5A /* MainPresenter.swift */ = {isa = PBXFileReference; lastKnownFileType = sourcecode.swift; path = MainPresenter.swift; sourceTree = "<group>"; };
		4EA929022389CD0F00E76F5A /* MainRepository.swift */ = {isa = PBXFileReference; lastKnownFileType = sourcecode.swift; path = MainRepository.swift; sourceTree = "<group>"; };
		4EA929042389D01100E76F5A /* MainModels.swift */ = {isa = PBXFileReference; lastKnownFileType = sourcecode.swift; path = MainModels.swift; sourceTree = "<group>"; };
		4EA9290D2389E96500E76F5A /* MainRequest.swift */ = {isa = PBXFileReference; lastKnownFileType = sourcecode.swift; path = MainRequest.swift; sourceTree = "<group>"; };
		4EA9295A238A153500E76F5A /* Results.swift */ = {isa = PBXFileReference; fileEncoding = 4; lastKnownFileType = sourcecode.swift; path = Results.swift; sourceTree = "<group>"; };
		4EA92968238A153700E76F5A /* SearchModel.swift */ = {isa = PBXFileReference; fileEncoding = 4; lastKnownFileType = sourcecode.swift; path = SearchModel.swift; sourceTree = "<group>"; };
		4EA92980238A2E7400E76F5A /* ProductTableViewCell.swift */ = {isa = PBXFileReference; lastKnownFileType = sourcecode.swift; path = ProductTableViewCell.swift; sourceTree = "<group>"; };
		4EA92981238A2E7400E76F5A /* ProductTableViewCell.xib */ = {isa = PBXFileReference; lastKnownFileType = file.xib; path = ProductTableViewCell.xib; sourceTree = "<group>"; };
/* End PBXFileReference section */

/* Begin PBXFrameworksBuildPhase section */
		4EA928B42389A23400E76F5A /* Frameworks */ = {
			isa = PBXFrameworksBuildPhase;
			buildActionMask = 2147483647;
			files = (
			);
			runOnlyForDeploymentPostprocessing = 0;
		};
		4EA928CA2389A23800E76F5A /* Frameworks */ = {
			isa = PBXFrameworksBuildPhase;
			buildActionMask = 2147483647;
			files = (
			);
			runOnlyForDeploymentPostprocessing = 0;
		};
		4EA928D52389A23800E76F5A /* Frameworks */ = {
			isa = PBXFrameworksBuildPhase;
			buildActionMask = 2147483647;
			files = (
			);
			runOnlyForDeploymentPostprocessing = 0;
		};
/* End PBXFrameworksBuildPhase section */

/* Begin PBXGroup section */
		4EA928AE2389A23400E76F5A = {
			isa = PBXGroup;
			children = (
				4EA928B92389A23400E76F5A /* MercadoLivre */,
				4EA928D02389A23800E76F5A /* MercadoLivreTests */,
				4EA928DB2389A23800E76F5A /* MercadoLivreUITests */,
				4EA928B82389A23400E76F5A /* Products */,
			);
			sourceTree = "<group>";
		};
		4EA928B82389A23400E76F5A /* Products */ = {
			isa = PBXGroup;
			children = (
				4EA928B72389A23400E76F5A /* MercadoLivre.app */,
				4EA928CD2389A23800E76F5A /* MercadoLivreTests.xctest */,
				4EA928D82389A23800E76F5A /* MercadoLivreUITests.xctest */,
			);
			name = Products;
			sourceTree = "<group>";
		};
		4EA928B92389A23400E76F5A /* MercadoLivre */ = {
			isa = PBXGroup;
			children = (
				4EA929062389D0A300E76F5A /* Models */,
				4EA928F92389C23F00E76F5A /* Services */,
				4EA928F42389BD7B00E76F5A /* Utils */,
				4EA928EA2389BCF200E76F5A /* Scenes */,
				4EA928BA2389A23400E76F5A /* AppDelegate.swift */,
				4EA928BC2389A23400E76F5A /* SceneDelegate.swift */,
				4EA928C32389A23700E76F5A /* Assets.xcassets */,
				4EA928C52389A23700E76F5A /* LaunchScreen.storyboard */,
				4EA928C82389A23700E76F5A /* Info.plist */,
			);
			path = MercadoLivre;
			sourceTree = "<group>";
		};
		4EA928D02389A23800E76F5A /* MercadoLivreTests */ = {
			isa = PBXGroup;
			children = (
				4EA928D12389A23800E76F5A /* MercadoLivreTests.swift */,
				4EA928D32389A23800E76F5A /* Info.plist */,
			);
			path = MercadoLivreTests;
			sourceTree = "<group>";
		};
		4EA928DB2389A23800E76F5A /* MercadoLivreUITests */ = {
			isa = PBXGroup;
			children = (
				4EA928DC2389A23800E76F5A /* MercadoLivreUITests.swift */,
				4EA928DE2389A23800E76F5A /* Info.plist */,
			);
			path = MercadoLivreUITests;
			sourceTree = "<group>";
		};
		4EA928EA2389BCF200E76F5A /* Scenes */ = {
			isa = PBXGroup;
			children = (
				4EA928EB2389BCFC00E76F5A /* Main */,
			);
			path = Scenes;
			sourceTree = "<group>";
		};
		4EA928EB2389BCFC00E76F5A /* Main */ = {
			isa = PBXGroup;
			children = (
				4EA928FC2389CAE800E76F5A /* MainInteractor.swift */,
				4EA928FF2389CB6C00E76F5A /* MainPresenter.swift */,
				4EA929042389D01100E76F5A /* MainModels.swift */,
				4EA929012389CCF000E76F5A /* Repository */,
				4EA928EC2389BD0600E76F5A /* View */,
			);
			path = Main;
			sourceTree = "<group>";
		};
		4EA928EC2389BD0600E76F5A /* View */ = {
			isa = PBXGroup;
			children = (
				4EA928F02389BD4300E76F5A /* MainViewController.swift */,
				4EA928ED2389BD1200E76F5A /* Resources */,
				4EA9297F238A2E3000E76F5A /* CustomViews */,
			);
			path = View;
			sourceTree = "<group>";
		};
		4EA928ED2389BD1200E76F5A /* Resources */ = {
			isa = PBXGroup;
			children = (
				4EA928F12389BD4300E76F5A /* MainViewController.xib */,
			);
			path = Resources;
			sourceTree = "<group>";
		};
		4EA928F42389BD7B00E76F5A /* Utils */ = {
			isa = PBXGroup;
			children = (
				4EA928F52389BDA300E76F5A /* BaseViewController.swift */,
				4EA928F72389BFBA00E76F5A /* Colors.swift */,
			);
			path = Utils;
			sourceTree = "<group>";
		};
		4EA928F92389C23F00E76F5A /* Services */ = {
			isa = PBXGroup;
			children = (
				4EA928FA2389C25700E76F5A /* Api.swift */,
			);
			path = Services;
			sourceTree = "<group>";
		};
		4EA929012389CCF000E76F5A /* Repository */ = {
			isa = PBXGroup;
			children = (
				4EA929022389CD0F00E76F5A /* MainRepository.swift */,
				4EA9290D2389E96500E76F5A /* MainRequest.swift */,
			);
			path = Repository;
			sourceTree = "<group>";
		};
		4EA929062389D0A300E76F5A /* Models */ = {
			isa = PBXGroup;
			children = (
				4EA92968238A153700E76F5A /* SearchModel.swift */,
				4EA9295A238A153500E76F5A /* Results.swift */,
			);
			path = Models;
			sourceTree = "<group>";
		};
		4EA9297F238A2E3000E76F5A /* CustomViews */ = {
			isa = PBXGroup;
			children = (
				4EA92980238A2E7400E76F5A /* ProductTableViewCell.swift */,
				4EA92984238A2E7D00E76F5A /* Resources */,
			);
			path = CustomViews;
			sourceTree = "<group>";
		};
		4EA92984238A2E7D00E76F5A /* Resources */ = {
			isa = PBXGroup;
			children = (
				4EA92981238A2E7400E76F5A /* ProductTableViewCell.xib */,
			);
			path = Resources;
			sourceTree = "<group>";
		};
/* End PBXGroup section */

/* Begin PBXNativeTarget section */
		4EA928B62389A23400E76F5A /* MercadoLivre */ = {
			isa = PBXNativeTarget;
			buildConfigurationList = 4EA928E12389A23800E76F5A /* Build configuration list for PBXNativeTarget "MercadoLivre" */;
			buildPhases = (
				4EA928B32389A23400E76F5A /* Sources */,
				4EA928B42389A23400E76F5A /* Frameworks */,
				4EA928B52389A23400E76F5A /* Resources */,
			);
			buildRules = (
			);
			dependencies = (
			);
			name = MercadoLivre;
			productName = MercadoLivre;
			productReference = 4EA928B72389A23400E76F5A /* MercadoLivre.app */;
			productType = "com.apple.product-type.application";
		};
		4EA928CC2389A23800E76F5A /* MercadoLivreTests */ = {
			isa = PBXNativeTarget;
			buildConfigurationList = 4EA928E42389A23800E76F5A /* Build configuration list for PBXNativeTarget "MercadoLivreTests" */;
			buildPhases = (
				4EA928C92389A23800E76F5A /* Sources */,
				4EA928CA2389A23800E76F5A /* Frameworks */,
				4EA928CB2389A23800E76F5A /* Resources */,
			);
			buildRules = (
			);
			dependencies = (
				4EA928CF2389A23800E76F5A /* PBXTargetDependency */,
			);
			name = MercadoLivreTests;
			productName = MercadoLivreTests;
			productReference = 4EA928CD2389A23800E76F5A /* MercadoLivreTests.xctest */;
			productType = "com.apple.product-type.bundle.unit-test";
		};
		4EA928D72389A23800E76F5A /* MercadoLivreUITests */ = {
			isa = PBXNativeTarget;
			buildConfigurationList = 4EA928E72389A23800E76F5A /* Build configuration list for PBXNativeTarget "MercadoLivreUITests" */;
			buildPhases = (
				4EA928D42389A23800E76F5A /* Sources */,
				4EA928D52389A23800E76F5A /* Frameworks */,
				4EA928D62389A23800E76F5A /* Resources */,
			);
			buildRules = (
			);
			dependencies = (
				4EA928DA2389A23800E76F5A /* PBXTargetDependency */,
			);
			name = MercadoLivreUITests;
			productName = MercadoLivreUITests;
			productReference = 4EA928D82389A23800E76F5A /* MercadoLivreUITests.xctest */;
			productType = "com.apple.product-type.bundle.ui-testing";
		};
/* End PBXNativeTarget section */

/* Begin PBXProject section */
		4EA928AF2389A23400E76F5A /* Project object */ = {
			isa = PBXProject;
			attributes = {
				LastSwiftUpdateCheck = 1110;
				LastUpgradeCheck = 1110;
				ORGANIZATIONNAME = "Itamar Silva Lourenco";
				TargetAttributes = {
					4EA928B62389A23400E76F5A = {
						CreatedOnToolsVersion = 11.1;
					};
					4EA928CC2389A23800E76F5A = {
						CreatedOnToolsVersion = 11.1;
						TestTargetID = 4EA928B62389A23400E76F5A;
					};
					4EA928D72389A23800E76F5A = {
						CreatedOnToolsVersion = 11.1;
						TestTargetID = 4EA928B62389A23400E76F5A;
					};
				};
			};
			buildConfigurationList = 4EA928B22389A23400E76F5A /* Build configuration list for PBXProject "MercadoLivre" */;
			compatibilityVersion = "Xcode 9.3";
			developmentRegion = en;
			hasScannedForEncodings = 0;
			knownRegions = (
				en,
				Base,
			);
			mainGroup = 4EA928AE2389A23400E76F5A;
			productRefGroup = 4EA928B82389A23400E76F5A /* Products */;
			projectDirPath = "";
			projectRoot = "";
			targets = (
				4EA928B62389A23400E76F5A /* MercadoLivre */,
				4EA928CC2389A23800E76F5A /* MercadoLivreTests */,
				4EA928D72389A23800E76F5A /* MercadoLivreUITests */,
			);
		};
/* End PBXProject section */

/* Begin PBXResourcesBuildPhase section */
		4EA928B52389A23400E76F5A /* Resources */ = {
			isa = PBXResourcesBuildPhase;
			buildActionMask = 2147483647;
			files = (
				4EA928C72389A23700E76F5A /* LaunchScreen.storyboard in Resources */,
				4EA92983238A2E7400E76F5A /* ProductTableViewCell.xib in Resources */,
				4EA928F32389BD4300E76F5A /* MainViewController.xib in Resources */,
				4EA928C42389A23700E76F5A /* Assets.xcassets in Resources */,
			);
			runOnlyForDeploymentPostprocessing = 0;
		};
		4EA928CB2389A23800E76F5A /* Resources */ = {
			isa = PBXResourcesBuildPhase;
			buildActionMask = 2147483647;
			files = (
			);
			runOnlyForDeploymentPostprocessing = 0;
		};
		4EA928D62389A23800E76F5A /* Resources */ = {
			isa = PBXResourcesBuildPhase;
			buildActionMask = 2147483647;
			files = (
			);
			runOnlyForDeploymentPostprocessing = 0;
		};
/* End PBXResourcesBuildPhase section */

/* Begin PBXSourcesBuildPhase section */
		4EA928B32389A23400E76F5A /* Sources */ = {
			isa = PBXSourcesBuildPhase;
			buildActionMask = 2147483647;
			files = (
				4EA928FB2389C25700E76F5A /* Api.swift in Sources */,
				4EA928F62389BDA300E76F5A /* BaseViewController.swift in Sources */,
				4EA9297B238A153700E76F5A /* SearchModel.swift in Sources */,
				4EA9290E2389E96500E76F5A /* MainRequest.swift in Sources */,
				4EA928F82389BFBA00E76F5A /* Colors.swift in Sources */,
				4EA929002389CB6C00E76F5A /* MainPresenter.swift in Sources */,
				4EA928BB2389A23400E76F5A /* AppDelegate.swift in Sources */,
				4EA928BD2389A23400E76F5A /* SceneDelegate.swift in Sources */,
				4EA929032389CD0F00E76F5A /* MainRepository.swift in Sources */,
				4EA92982238A2E7400E76F5A /* ProductTableViewCell.swift in Sources */,
				4EA9296D238A153700E76F5A /* Results.swift in Sources */,
				4EA928FD2389CAE800E76F5A /* MainInteractor.swift in Sources */,
				4EA928F22389BD4300E76F5A /* MainViewController.swift in Sources */,
				4EA929052389D01100E76F5A /* MainModels.swift in Sources */,
			);
			runOnlyForDeploymentPostprocessing = 0;
		};
		4EA928C92389A23800E76F5A /* Sources */ = {
			isa = PBXSourcesBuildPhase;
			buildActionMask = 2147483647;
			files = (
				4EA928D22389A23800E76F5A /* MercadoLivreTests.swift in Sources */,
			);
			runOnlyForDeploymentPostprocessing = 0;
		};
		4EA928D42389A23800E76F5A /* Sources */ = {
			isa = PBXSourcesBuildPhase;
			buildActionMask = 2147483647;
			files = (
				4EA928DD2389A23800E76F5A /* MercadoLivreUITests.swift in Sources */,
			);
			runOnlyForDeploymentPostprocessing = 0;
		};
/* End PBXSourcesBuildPhase section */

/* Begin PBXTargetDependency section */
		4EA928CF2389A23800E76F5A /* PBXTargetDependency */ = {
			isa = PBXTargetDependency;
			target = 4EA928B62389A23400E76F5A /* MercadoLivre */;
			targetProxy = 4EA928CE2389A23800E76F5A /* PBXContainerItemProxy */;
		};
		4EA928DA2389A23800E76F5A /* PBXTargetDependency */ = {
			isa = PBXTargetDependency;
			target = 4EA928B62389A23400E76F5A /* MercadoLivre */;
			targetProxy = 4EA928D92389A23800E76F5A /* PBXContainerItemProxy */;
		};
/* End PBXTargetDependency section */

/* Begin PBXVariantGroup section */
		4EA928C52389A23700E76F5A /* LaunchScreen.storyboard */ = {
			isa = PBXVariantGroup;
			children = (
				4EA928C62389A23700E76F5A /* Base */,
			);
			name = LaunchScreen.storyboard;
			sourceTree = "<group>";
		};
/* End PBXVariantGroup section */

/* Begin XCBuildConfiguration section */
		4EA928DF2389A23800E76F5A /* Debug */ = {
			isa = XCBuildConfiguration;
			buildSettings = {
				ALWAYS_SEARCH_USER_PATHS = NO;
				CLANG_ANALYZER_NONNULL = YES;
				CLANG_ANALYZER_NUMBER_OBJECT_CONVERSION = YES_AGGRESSIVE;
				CLANG_CXX_LANGUAGE_STANDARD = "gnu++14";
				CLANG_CXX_LIBRARY = "libc++";
				CLANG_ENABLE_MODULES = YES;
				CLANG_ENABLE_OBJC_ARC = YES;
				CLANG_ENABLE_OBJC_WEAK = YES;
				CLANG_WARN_BLOCK_CAPTURE_AUTORELEASING = YES;
				CLANG_WARN_BOOL_CONVERSION = YES;
				CLANG_WARN_COMMA = YES;
				CLANG_WARN_CONSTANT_CONVERSION = YES;
				CLANG_WARN_DEPRECATED_OBJC_IMPLEMENTATIONS = YES;
				CLANG_WARN_DIRECT_OBJC_ISA_USAGE = YES_ERROR;
				CLANG_WARN_DOCUMENTATION_COMMENTS = YES;
				CLANG_WARN_EMPTY_BODY = YES;
				CLANG_WARN_ENUM_CONVERSION = YES;
				CLANG_WARN_INFINITE_RECURSION = YES;
				CLANG_WARN_INT_CONVERSION = YES;
				CLANG_WARN_NON_LITERAL_NULL_CONVERSION = YES;
				CLANG_WARN_OBJC_IMPLICIT_RETAIN_SELF = YES;
				CLANG_WARN_OBJC_LITERAL_CONVERSION = YES;
				CLANG_WARN_OBJC_ROOT_CLASS = YES_ERROR;
				CLANG_WARN_RANGE_LOOP_ANALYSIS = YES;
				CLANG_WARN_STRICT_PROTOTYPES = YES;
				CLANG_WARN_SUSPICIOUS_MOVE = YES;
				CLANG_WARN_UNGUARDED_AVAILABILITY = YES_AGGRESSIVE;
				CLANG_WARN_UNREACHABLE_CODE = YES;
				CLANG_WARN__DUPLICATE_METHOD_MATCH = YES;
				COPY_PHASE_STRIP = NO;
				DEBUG_INFORMATION_FORMAT = dwarf;
				ENABLE_STRICT_OBJC_MSGSEND = YES;
				ENABLE_TESTABILITY = YES;
				GCC_C_LANGUAGE_STANDARD = gnu11;
				GCC_DYNAMIC_NO_PIC = NO;
				GCC_NO_COMMON_BLOCKS = YES;
				GCC_OPTIMIZATION_LEVEL = 0;
				GCC_PREPROCESSOR_DEFINITIONS = (
					"DEBUG=1",
					"$(inherited)",
				);
				GCC_WARN_64_TO_32_BIT_CONVERSION = YES;
				GCC_WARN_ABOUT_RETURN_TYPE = YES_ERROR;
				GCC_WARN_UNDECLARED_SELECTOR = YES;
				GCC_WARN_UNINITIALIZED_AUTOS = YES_AGGRESSIVE;
				GCC_WARN_UNUSED_FUNCTION = YES;
				GCC_WARN_UNUSED_VARIABLE = YES;
				IPHONEOS_DEPLOYMENT_TARGET = 13.1;
				MTL_ENABLE_DEBUG_INFO = INCLUDE_SOURCE;
				MTL_FAST_MATH = YES;
				ONLY_ACTIVE_ARCH = YES;
				SDKROOT = iphoneos;
				SWIFT_ACTIVE_COMPILATION_CONDITIONS = DEBUG;
				SWIFT_OPTIMIZATION_LEVEL = "-Onone";
			};
			name = Debug;
		};
		4EA928E02389A23800E76F5A /* Release */ = {
			isa = XCBuildConfiguration;
			buildSettings = {
				ALWAYS_SEARCH_USER_PATHS = NO;
				CLANG_ANALYZER_NONNULL = YES;
				CLANG_ANALYZER_NUMBER_OBJECT_CONVERSION = YES_AGGRESSIVE;
				CLANG_CXX_LANGUAGE_STANDARD = "gnu++14";
				CLANG_CXX_LIBRARY = "libc++";
				CLANG_ENABLE_MODULES = YES;
				CLANG_ENABLE_OBJC_ARC = YES;
				CLANG_ENABLE_OBJC_WEAK = YES;
				CLANG_WARN_BLOCK_CAPTURE_AUTORELEASING = YES;
				CLANG_WARN_BOOL_CONVERSION = YES;
				CLANG_WARN_COMMA = YES;
				CLANG_WARN_CONSTANT_CONVERSION = YES;
				CLANG_WARN_DEPRECATED_OBJC_IMPLEMENTATIONS = YES;
				CLANG_WARN_DIRECT_OBJC_ISA_USAGE = YES_ERROR;
				CLANG_WARN_DOCUMENTATION_COMMENTS = YES;
				CLANG_WARN_EMPTY_BODY = YES;
				CLANG_WARN_ENUM_CONVERSION = YES;
				CLANG_WARN_INFINITE_RECURSION = YES;
				CLANG_WARN_INT_CONVERSION = YES;
				CLANG_WARN_NON_LITERAL_NULL_CONVERSION = YES;
				CLANG_WARN_OBJC_IMPLICIT_RETAIN_SELF = YES;
				CLANG_WARN_OBJC_LITERAL_CONVERSION = YES;
				CLANG_WARN_OBJC_ROOT_CLASS = YES_ERROR;
				CLANG_WARN_RANGE_LOOP_ANALYSIS = YES;
				CLANG_WARN_STRICT_PROTOTYPES = YES;
				CLANG_WARN_SUSPICIOUS_MOVE = YES;
				CLANG_WARN_UNGUARDED_AVAILABILITY = YES_AGGRESSIVE;
				CLANG_WARN_UNREACHABLE_CODE = YES;
				CLANG_WARN__DUPLICATE_METHOD_MATCH = YES;
				COPY_PHASE_STRIP = NO;
				DEBUG_INFORMATION_FORMAT = "dwarf-with-dsym";
				ENABLE_NS_ASSERTIONS = NO;
				ENABLE_STRICT_OBJC_MSGSEND = YES;
				GCC_C_LANGUAGE_STANDARD = gnu11;
				GCC_NO_COMMON_BLOCKS = YES;
				GCC_WARN_64_TO_32_BIT_CONVERSION = YES;
				GCC_WARN_ABOUT_RETURN_TYPE = YES_ERROR;
				GCC_WARN_UNDECLARED_SELECTOR = YES;
				GCC_WARN_UNINITIALIZED_AUTOS = YES_AGGRESSIVE;
				GCC_WARN_UNUSED_FUNCTION = YES;
				GCC_WARN_UNUSED_VARIABLE = YES;
				IPHONEOS_DEPLOYMENT_TARGET = 13.1;
				MTL_ENABLE_DEBUG_INFO = NO;
				MTL_FAST_MATH = YES;
				SDKROOT = iphoneos;
				SWIFT_COMPILATION_MODE = wholemodule;
				SWIFT_OPTIMIZATION_LEVEL = "-O";
				VALIDATE_PRODUCT = YES;
			};
			name = Release;
		};
		4EA928E22389A23800E76F5A /* Debug */ = {
			isa = XCBuildConfiguration;
			buildSettings = {
				ASSETCATALOG_COMPILER_APPICON_NAME = AppIcon;
				CODE_SIGN_STYLE = Automatic;
				DEVELOPMENT_TEAM = Y8BNBVHM3F;
				INFOPLIST_FILE = MercadoLivre/Info.plist;
				LD_RUNPATH_SEARCH_PATHS = (
					"$(inherited)",
					"@executable_path/Frameworks",
				);
				PRODUCT_BUNDLE_IDENTIFIER = ilourenco.MercadoLivre;
				PRODUCT_NAME = "$(TARGET_NAME)";
				SWIFT_VERSION = 5.0;
				TARGETED_DEVICE_FAMILY = "1,2";
			};
			name = Debug;
		};
		4EA928E32389A23800E76F5A /* Release */ = {
			isa = XCBuildConfiguration;
			buildSettings = {
				ASSETCATALOG_COMPILER_APPICON_NAME = AppIcon;
				CODE_SIGN_STYLE = Automatic;
				DEVELOPMENT_TEAM = Y8BNBVHM3F;
				INFOPLIST_FILE = MercadoLivre/Info.plist;
				LD_RUNPATH_SEARCH_PATHS = (
					"$(inherited)",
					"@executable_path/Frameworks",
				);
				PRODUCT_BUNDLE_IDENTIFIER = ilourenco.MercadoLivre;
				PRODUCT_NAME = "$(TARGET_NAME)";
				SWIFT_VERSION = 5.0;
				TARGETED_DEVICE_FAMILY = "1,2";
			};
			name = Release;
		};
		4EA928E52389A23800E76F5A /* Debug */ = {
			isa = XCBuildConfiguration;
			buildSettings = {
				ALWAYS_EMBED_SWIFT_STANDARD_LIBRARIES = YES;
				BUNDLE_LOADER = "$(TEST_HOST)";
				CODE_SIGN_STYLE = Automatic;
				DEVELOPMENT_TEAM = Y8BNBVHM3F;
				INFOPLIST_FILE = MercadoLivreTests/Info.plist;
				IPHONEOS_DEPLOYMENT_TARGET = 13.1;
				LD_RUNPATH_SEARCH_PATHS = (
					"$(inherited)",
					"@executable_path/Frameworks",
					"@loader_path/Frameworks",
				);
				PRODUCT_BUNDLE_IDENTIFIER = ilourenco.MercadoLivreTests;
				PRODUCT_NAME = "$(TARGET_NAME)";
				SWIFT_VERSION = 5.0;
				TARGETED_DEVICE_FAMILY = "1,2";
				TEST_HOST = "$(BUILT_PRODUCTS_DIR)/MercadoLivre.app/MercadoLivre";
			};
			name = Debug;
		};
		4EA928E62389A23800E76F5A /* Release */ = {
			isa = XCBuildConfiguration;
			buildSettings = {
				ALWAYS_EMBED_SWIFT_STANDARD_LIBRARIES = YES;
				BUNDLE_LOADER = "$(TEST_HOST)";
				CODE_SIGN_STYLE = Automatic;
				DEVELOPMENT_TEAM = Y8BNBVHM3F;
				INFOPLIST_FILE = MercadoLivreTests/Info.plist;
				IPHONEOS_DEPLOYMENT_TARGET = 13.1;
				LD_RUNPATH_SEARCH_PATHS = (
					"$(inherited)",
					"@executable_path/Frameworks",
					"@loader_path/Frameworks",
				);
				PRODUCT_BUNDLE_IDENTIFIER = ilourenco.MercadoLivreTests;
				PRODUCT_NAME = "$(TARGET_NAME)";
				SWIFT_VERSION = 5.0;
				TARGETED_DEVICE_FAMILY = "1,2";
				TEST_HOST = "$(BUILT_PRODUCTS_DIR)/MercadoLivre.app/MercadoLivre";
			};
			name = Release;
		};
		4EA928E82389A23800E76F5A /* Debug */ = {
			isa = XCBuildConfiguration;
			buildSettings = {
				ALWAYS_EMBED_SWIFT_STANDARD_LIBRARIES = YES;
				CODE_SIGN_STYLE = Automatic;
				DEVELOPMENT_TEAM = Y8BNBVHM3F;
				INFOPLIST_FILE = MercadoLivreUITests/Info.plist;
				LD_RUNPATH_SEARCH_PATHS = (
					"$(inherited)",
					"@executable_path/Frameworks",
					"@loader_path/Frameworks",
				);
				PRODUCT_BUNDLE_IDENTIFIER = ilourenco.MercadoLivreUITests;
				PRODUCT_NAME = "$(TARGET_NAME)";
				SWIFT_VERSION = 5.0;
				TARGETED_DEVICE_FAMILY = "1,2";
				TEST_TARGET_NAME = MercadoLivre;
			};
			name = Debug;
		};
		4EA928E92389A23800E76F5A /* Release */ = {
			isa = XCBuildConfiguration;
			buildSettings = {
				ALWAYS_EMBED_SWIFT_STANDARD_LIBRARIES = YES;
				CODE_SIGN_STYLE = Automatic;
				DEVELOPMENT_TEAM = Y8BNBVHM3F;
				INFOPLIST_FILE = MercadoLivreUITests/Info.plist;
				LD_RUNPATH_SEARCH_PATHS = (
					"$(inherited)",
					"@executable_path/Frameworks",
					"@loader_path/Frameworks",
				);
				PRODUCT_BUNDLE_IDENTIFIER = ilourenco.MercadoLivreUITests;
				PRODUCT_NAME = "$(TARGET_NAME)";
				SWIFT_VERSION = 5.0;
				TARGETED_DEVICE_FAMILY = "1,2";
				TEST_TARGET_NAME = MercadoLivre;
			};
			name = Release;
		};
/* End XCBuildConfiguration section */

/* Begin XCConfigurationList section */
		4EA928B22389A23400E76F5A /* Build configuration list for PBXProject "MercadoLivre" */ = {
			isa = XCConfigurationList;
			buildConfigurations = (
				4EA928DF2389A23800E76F5A /* Debug */,
				4EA928E02389A23800E76F5A /* Release */,
			);
			defaultConfigurationIsVisible = 0;
			defaultConfigurationName = Release;
		};
		4EA928E12389A23800E76F5A /* Build configuration list for PBXNativeTarget "MercadoLivre" */ = {
			isa = XCConfigurationList;
			buildConfigurations = (
				4EA928E22389A23800E76F5A /* Debug */,
				4EA928E32389A23800E76F5A /* Release */,
			);
			defaultConfigurationIsVisible = 0;
			defaultConfigurationName = Release;
		};
		4EA928E42389A23800E76F5A /* Build configuration list for PBXNativeTarget "MercadoLivreTests" */ = {
			isa = XCConfigurationList;
			buildConfigurations = (
				4EA928E52389A23800E76F5A /* Debug */,
				4EA928E62389A23800E76F5A /* Release */,
			);
			defaultConfigurationIsVisible = 0;
			defaultConfigurationName = Release;
		};
		4EA928E72389A23800E76F5A /* Build configuration list for PBXNativeTarget "MercadoLivreUITests" */ = {
			isa = XCConfigurationList;
			buildConfigurations = (
				4EA928E82389A23800E76F5A /* Debug */,
				4EA928E92389A23800E76F5A /* Release */,
			);
			defaultConfigurationIsVisible = 0;
			defaultConfigurationName = Release;
		};
/* End XCConfigurationList section */
	};
	rootObject = 4EA928AF2389A23400E76F5A /* Project object */;
}
